
Microsoft Visual Studio Solution File, Format Version 12.00
# Visual Studio Version 16
VisualStudioVersion = 16.0.31410.357
MinimumVisualStudioVersion = 10.0.40219.1
Project("{FAE04EC0-301F-11D3-BF4B-00C04F79EFBC}") = "WypozyczalniaFilmow", "WypozyczalniaFilmow\WypozyczalniaFilmow.csproj", "{2AA7D32E-2924-4A5E-A8B3-00A3ED3C5307}"
EndProject
Global
	GlobalSection(SolutionConfigurationPlatforms) = preSolution
		Debug|Any CPU = Debug|Any CPU
		Release|Any CPU = Release|Any CPU
	EndGlobalSection
	GlobalSection(ProjectConfigurationPlatforms) = postSolution
		{2AA7D32E-2924-4A5E-A8B3-00A3ED3C5307}.Debug|Any CPU.ActiveCfg = Debug|Any CPU
		{2AA7D32E-2924-4A5E-A8B3-00A3ED3C5307}.Debug|Any CPU.Build.0 = Debug|Any CPU
		{2AA7D32E-2924-4A5E-A8B3-00A3ED3C5307}.Release|Any CPU.ActiveCfg = Release|Any CPU
		{2AA7D32E-2924-4A5E-A8B3-00A3ED3C5307}.Release|Any CPU.Build.0 = Release|Any CPU
	EndGlobalSection
	GlobalSection(SolutionProperties) = preSolution
		HideSolutionNode = FALSE
	EndGlobalSection
	GlobalSection(ExtensibilityGlobals) = postSolution
		SolutionGuid = {60EAD5FC-3D5A-49FD-A211-00719E3033F5}
	EndGlobalSection
EndGlobal
